// !$*UTF8*$!
{
	archiveVersion = 1;
	classes = {
	};
	objectVersion = 55;
	objects = {

/* Begin PBXBuildFile section */
		16009547284AD25B00F89338 /* AddServiceView.swift in Sources */ = {isa = PBXBuildFile; fileRef = 16009546284AD25B00F89338 /* AddServiceView.swift */; };
		16009548284AD25B00F89338 /* AddServiceView.swift in Sources */ = {isa = PBXBuildFile; fileRef = 16009546284AD25B00F89338 /* AddServiceView.swift */; };
		1600954B284B16B500F89338 /* AWSAPIPlugin in Frameworks */ = {isa = PBXBuildFile; productRef = 1600954A284B16B500F89338 /* AWSAPIPlugin */; };
		1600954D284B16B500F89338 /* AWSCognitoAuthPlugin in Frameworks */ = {isa = PBXBuildFile; productRef = 1600954C284B16B500F89338 /* AWSCognitoAuthPlugin */; };
		1600954F284B16B500F89338 /* AWSDataStorePlugin in Frameworks */ = {isa = PBXBuildFile; productRef = 1600954E284B16B500F89338 /* AWSDataStorePlugin */; };
		16009551284B16B500F89338 /* AWSS3StoragePlugin in Frameworks */ = {isa = PBXBuildFile; productRef = 16009550284B16B500F89338 /* AWSS3StoragePlugin */; };
		16009553284B16B500F89338 /* Amplify in Frameworks */ = {isa = PBXBuildFile; productRef = 16009552284B16B500F89338 /* Amplify */; };
		16009556284B1B4900F89338 /* amplifyconfiguration.json in Resources */ = {isa = PBXBuildFile; fileRef = 16009554284B1B4900F89338 /* amplifyconfiguration.json */; };
		16009557284B1B4900F89338 /* amplifyconfiguration.json in Resources */ = {isa = PBXBuildFile; fileRef = 16009554284B1B4900F89338 /* amplifyconfiguration.json */; };
		16009558284B1B4900F89338 /* awsconfiguration.json in Resources */ = {isa = PBXBuildFile; fileRef = 16009555284B1B4900F89338 /* awsconfiguration.json */; };
		16009559284B1B4900F89338 /* awsconfiguration.json in Resources */ = {isa = PBXBuildFile; fileRef = 16009555284B1B4900F89338 /* awsconfiguration.json */; };
		1614063428528D3F009C949B /* GetServicesView.swift in Sources */ = {isa = PBXBuildFile; fileRef = 1614063328528D3F009C949B /* GetServicesView.swift */; };
		1614063528528D3F009C949B /* GetServicesView.swift in Sources */ = {isa = PBXBuildFile; fileRef = 1614063328528D3F009C949B /* GetServicesView.swift */; };
		161406382852A9AA009C949B /* GetLogsView.swift in Sources */ = {isa = PBXBuildFile; fileRef = 161406372852A9AA009C949B /* GetLogsView.swift */; };
		161406392852A9AA009C949B /* GetLogsView.swift in Sources */ = {isa = PBXBuildFile; fileRef = 161406372852A9AA009C949B /* GetLogsView.swift */; };
		16151BA02847ECC80066ECD2 /* LogData.swift in Sources */ = {isa = PBXBuildFile; fileRef = 16151B9F2847ECC80066ECD2 /* LogData.swift */; };
		16151BA12847ECC80066ECD2 /* LogData.swift in Sources */ = {isa = PBXBuildFile; fileRef = 16151B9F2847ECC80066ECD2 /* LogData.swift */; };
		16151BA62847F8040066ECD2 /* LogContentView.swift in Sources */ = {isa = PBXBuildFile; fileRef = 16151BA52847F8040066ECD2 /* LogContentView.swift */; };
		16151BA72847F8040066ECD2 /* LogContentView.swift in Sources */ = {isa = PBXBuildFile; fileRef = 16151BA52847F8040066ECD2 /* LogContentView.swift */; };
		16151BA92847F8730066ECD2 /* LogsView.swift in Sources */ = {isa = PBXBuildFile; fileRef = 16151BA82847F8730066ECD2 /* LogsView.swift */; };
		16151BAA2847F8730066ECD2 /* LogsView.swift in Sources */ = {isa = PBXBuildFile; fileRef = 16151BA82847F8730066ECD2 /* LogsView.swift */; };
		16646DF62863D1ED002FFEF3 /* addFunction.swift in Sources */ = {isa = PBXBuildFile; fileRef = 16646DF52863D1ED002FFEF3 /* addFunction.swift */; };
		16646DF72863D1ED002FFEF3 /* addFunction.swift in Sources */ = {isa = PBXBuildFile; fileRef = 16646DF52863D1ED002FFEF3 /* addFunction.swift */; };
		16646DF92863D5C6002FFEF3 /* testTester.swift in Sources */ = {isa = PBXBuildFile; fileRef = 16646DF82863D5C6002FFEF3 /* testTester.swift */; };
		16646DFA2863D5C6002FFEF3 /* testTester.swift in Sources */ = {isa = PBXBuildFile; fileRef = 16646DF82863D5C6002FFEF3 /* testTester.swift */; };
		16646E022863D6AE002FFEF3 /* monitoring_Tests.swift in Sources */ = {isa = PBXBuildFile; fileRef = 16646E012863D6AE002FFEF3 /* monitoring_Tests.swift */; };
		168908AE2863918D00D82578 /* Localizable.strings in Resources */ = {isa = PBXBuildFile; fileRef = 168908B12863918D00D82578 /* Localizable.strings */; };
		168908AF2863918D00D82578 /* Localizable.strings in Resources */ = {isa = PBXBuildFile; fileRef = 168908B12863918D00D82578 /* Localizable.strings */; };
		168FCA34284BF1C1000D7EFC /* schema.graphql in Resources */ = {isa = PBXBuildFile; fileRef = 168FCA33284BF1C1000D7EFC /* schema.graphql */; };
		168FCA35284BF1C1000D7EFC /* schema.graphql in Resources */ = {isa = PBXBuildFile; fileRef = 168FCA33284BF1C1000D7EFC /* schema.graphql */; };
		16FA3E64283EC41500B7A235 /* Tests_iOS.swift in Sources */ = {isa = PBXBuildFile; fileRef = 16FA3E63283EC41500B7A235 /* Tests_iOS.swift */; };
		16FA3E66283EC41500B7A235 /* Tests_iOSLaunchTests.swift in Sources */ = {isa = PBXBuildFile; fileRef = 16FA3E65283EC41500B7A235 /* Tests_iOSLaunchTests.swift */; };
		16FA3E70283EC41500B7A235 /* Tests_macOS.swift in Sources */ = {isa = PBXBuildFile; fileRef = 16FA3E6F283EC41500B7A235 /* Tests_macOS.swift */; };
		16FA3E72283EC41500B7A235 /* Tests_macOSLaunchTests.swift in Sources */ = {isa = PBXBuildFile; fileRef = 16FA3E71283EC41500B7A235 /* Tests_macOSLaunchTests.swift */; };
		16FA3E73283EC41500B7A235 /* udemyApp.swift in Sources */ = {isa = PBXBuildFile; fileRef = 16FA3E4B283EC41200B7A235 /* udemyApp.swift */; };
		16FA3E74283EC41500B7A235 /* udemyApp.swift in Sources */ = {isa = PBXBuildFile; fileRef = 16FA3E4B283EC41200B7A235 /* udemyApp.swift */; };
		16FA3E75283EC41500B7A235 /* ContentView.swift in Sources */ = {isa = PBXBuildFile; fileRef = 16FA3E4C283EC41200B7A235 /* ContentView.swift */; };
		16FA3E76283EC41500B7A235 /* ContentView.swift in Sources */ = {isa = PBXBuildFile; fileRef = 16FA3E4C283EC41200B7A235 /* ContentView.swift */; };
		16FA3E77283EC41500B7A235 /* Assets.xcassets in Resources */ = {isa = PBXBuildFile; fileRef = 16FA3E4D283EC41400B7A235 /* Assets.xcassets */; };
		16FA3E78283EC41500B7A235 /* Assets.xcassets in Resources */ = {isa = PBXBuildFile; fileRef = 16FA3E4D283EC41400B7A235 /* Assets.xcassets */; };
		16FA3E8C2841685D00B7A235 /* ApplicationData.swift in Sources */ = {isa = PBXBuildFile; fileRef = 16FA3E8B2841685D00B7A235 /* ApplicationData.swift */; };
		16FA3E8D2841685D00B7A235 /* ApplicationData.swift in Sources */ = {isa = PBXBuildFile; fileRef = 16FA3E8B2841685D00B7A235 /* ApplicationData.swift */; };
		16FA3E8F28416F2700B7A235 /* LoginView.swift in Sources */ = {isa = PBXBuildFile; fileRef = 16FA3E8E28416F2700B7A235 /* LoginView.swift */; };
		16FA3E9028416F2700B7A235 /* LoginView.swift in Sources */ = {isa = PBXBuildFile; fileRef = 16FA3E8E28416F2700B7A235 /* LoginView.swift */; };
		16FA3E922841FAE500B7A235 /* CodeView.swift in Sources */ = {isa = PBXBuildFile; fileRef = 16FA3E912841FAE500B7A235 /* CodeView.swift */; };
		16FA3E932841FAE500B7A235 /* CodeView.swift in Sources */ = {isa = PBXBuildFile; fileRef = 16FA3E912841FAE500B7A235 /* CodeView.swift */; };
		16FA3E952842AE3500B7A235 /* ServicesView.swift in Sources */ = {isa = PBXBuildFile; fileRef = 16FA3E942842AE3500B7A235 /* ServicesView.swift */; };
		16FA3E962842AE3500B7A235 /* ServicesView.swift in Sources */ = {isa = PBXBuildFile; fileRef = 16FA3E942842AE3500B7A235 /* ServicesView.swift */; };
		16FA3E982842B26400B7A235 /* PlaceholderView.swift in Sources */ = {isa = PBXBuildFile; fileRef = 16FA3E972842B26400B7A235 /* PlaceholderView.swift */; };
		16FA3E992842B26400B7A235 /* PlaceholderView.swift in Sources */ = {isa = PBXBuildFile; fileRef = 16FA3E972842B26400B7A235 /* PlaceholderView.swift */; };
		16FA3E9B2842B30800B7A235 /* DetailView.swift in Sources */ = {isa = PBXBuildFile; fileRef = 16FA3E9A2842B30800B7A235 /* DetailView.swift */; };
		16FA3E9C2842B30800B7A235 /* DetailView.swift in Sources */ = {isa = PBXBuildFile; fileRef = 16FA3E9A2842B30800B7A235 /* DetailView.swift */; };
/* End PBXBuildFile section */

/* Begin PBXContainerItemProxy section */
		16646E032863D6AE002FFEF3 /* PBXContainerItemProxy */ = {
			isa = PBXContainerItemProxy;
			containerPortal = 16FA3E46283EC41200B7A235 /* Project object */;
			proxyType = 1;
			remoteGlobalIDString = 16FA3E51283EC41400B7A235;
			remoteInfo = "monitoring (iOS)";
		};
		16FA3E60283EC41500B7A235 /* PBXContainerItemProxy */ = {
			isa = PBXContainerItemProxy;
			containerPortal = 16FA3E46283EC41200B7A235 /* Project object */;
			proxyType = 1;
			remoteGlobalIDString = 16FA3E51283EC41400B7A235;
			remoteInfo = "udemy (iOS)";
		};
		16FA3E6C283EC41500B7A235 /* PBXContainerItemProxy */ = {
			isa = PBXContainerItemProxy;
			containerPortal = 16FA3E46283EC41200B7A235 /* Project object */;
			proxyType = 1;
			remoteGlobalIDString = 16FA3E57283EC41400B7A235;
			remoteInfo = "udemy (macOS)";
		};
/* End PBXContainerItemProxy section */

/* Begin PBXFileReference section */
		16009546284AD25B00F89338 /* AddServiceView.swift */ = {isa = PBXFileReference; lastKnownFileType = sourcecode.swift; path = AddServiceView.swift; sourceTree = "<group>"; };
		16009554284B1B4900F89338 /* amplifyconfiguration.json */ = {isa = PBXFileReference; fileEncoding = 4; lastKnownFileType = text.json; path = amplifyconfiguration.json; sourceTree = SOURCE_ROOT; };
		16009555284B1B4900F89338 /* awsconfiguration.json */ = {isa = PBXFileReference; fileEncoding = 4; lastKnownFileType = text.json; path = awsconfiguration.json; sourceTree = SOURCE_ROOT; };
		1614063328528D3F009C949B /* GetServicesView.swift */ = {isa = PBXFileReference; lastKnownFileType = sourcecode.swift; path = GetServicesView.swift; sourceTree = "<group>"; };
		161406372852A9AA009C949B /* GetLogsView.swift */ = {isa = PBXFileReference; lastKnownFileType = sourcecode.swift; path = GetLogsView.swift; sourceTree = "<group>"; };
		16151B9F2847ECC80066ECD2 /* LogData.swift */ = {isa = PBXFileReference; lastKnownFileType = sourcecode.swift; path = LogData.swift; sourceTree = "<group>"; };
		16151BA52847F8040066ECD2 /* LogContentView.swift */ = {isa = PBXFileReference; lastKnownFileType = sourcecode.swift; path = LogContentView.swift; sourceTree = "<group>"; };
		16151BA82847F8730066ECD2 /* LogsView.swift */ = {isa = PBXFileReference; lastKnownFileType = sourcecode.swift; path = LogsView.swift; sourceTree = "<group>"; };
		16646DF52863D1ED002FFEF3 /* addFunction.swift */ = {isa = PBXFileReference; lastKnownFileType = sourcecode.swift; path = addFunction.swift; sourceTree = "<group>"; };
		16646DF82863D5C6002FFEF3 /* testTester.swift */ = {isa = PBXFileReference; lastKnownFileType = sourcecode.swift; path = testTester.swift; sourceTree = "<group>"; };
		16646DFF2863D6AE002FFEF3 /* monitoring Tests.xctest */ = {isa = PBXFileReference; explicitFileType = wrapper.cfbundle; includeInIndex = 0; path = "monitoring Tests.xctest"; sourceTree = BUILT_PRODUCTS_DIR; };
		16646E012863D6AE002FFEF3 /* monitoring_Tests.swift */ = {isa = PBXFileReference; lastKnownFileType = sourcecode.swift; path = monitoring_Tests.swift; sourceTree = "<group>"; };
		168908B02863918D00D82578 /* en */ = {isa = PBXFileReference; lastKnownFileType = text.plist.strings; name = en; path = en.lproj/Localizable.strings; sourceTree = "<group>"; };
		168908B22863919000D82578 /* es */ = {isa = PBXFileReference; lastKnownFileType = text.plist.strings; name = es; path = es.lproj/Localizable.strings; sourceTree = "<group>"; };
		168FCA33284BF1C1000D7EFC /* schema.graphql */ = {isa = PBXFileReference; lastKnownFileType = text; name = schema.graphql; path = amplify/backend/api/amplifyDatasource/schema.graphql; sourceTree = SOURCE_ROOT; };
		16FA3E4B283EC41200B7A235 /* udemyApp.swift */ = {isa = PBXFileReference; lastKnownFileType = sourcecode.swift; path = udemyApp.swift; sourceTree = "<group>"; };
		16FA3E4C283EC41200B7A235 /* ContentView.swift */ = {isa = PBXFileReference; lastKnownFileType = sourcecode.swift; path = ContentView.swift; sourceTree = "<group>"; };
		16FA3E4D283EC41400B7A235 /* Assets.xcassets */ = {isa = PBXFileReference; lastKnownFileType = folder.assetcatalog; path = Assets.xcassets; sourceTree = "<group>"; };
		16FA3E52283EC41400B7A235 /* monitoring.app */ = {isa = PBXFileReference; explicitFileType = wrapper.application; includeInIndex = 0; path = monitoring.app; sourceTree = BUILT_PRODUCTS_DIR; };
		16FA3E58283EC41400B7A235 /* monitoring.app */ = {isa = PBXFileReference; explicitFileType = wrapper.application; includeInIndex = 0; path = monitoring.app; sourceTree = BUILT_PRODUCTS_DIR; };
		16FA3E5A283EC41400B7A235 /* macOS.entitlements */ = {isa = PBXFileReference; lastKnownFileType = text.plist.entitlements; path = macOS.entitlements; sourceTree = "<group>"; };
		16FA3E5F283EC41500B7A235 /* Tests iOS.xctest */ = {isa = PBXFileReference; explicitFileType = wrapper.cfbundle; includeInIndex = 0; path = "Tests iOS.xctest"; sourceTree = BUILT_PRODUCTS_DIR; };
		16FA3E63283EC41500B7A235 /* Tests_iOS.swift */ = {isa = PBXFileReference; lastKnownFileType = sourcecode.swift; path = Tests_iOS.swift; sourceTree = "<group>"; };
		16FA3E65283EC41500B7A235 /* Tests_iOSLaunchTests.swift */ = {isa = PBXFileReference; lastKnownFileType = sourcecode.swift; path = Tests_iOSLaunchTests.swift; sourceTree = "<group>"; };
		16FA3E6B283EC41500B7A235 /* Tests macOS.xctest */ = {isa = PBXFileReference; explicitFileType = wrapper.cfbundle; includeInIndex = 0; path = "Tests macOS.xctest"; sourceTree = BUILT_PRODUCTS_DIR; };
		16FA3E6F283EC41500B7A235 /* Tests_macOS.swift */ = {isa = PBXFileReference; lastKnownFileType = sourcecode.swift; path = Tests_macOS.swift; sourceTree = "<group>"; };
		16FA3E71283EC41500B7A235 /* Tests_macOSLaunchTests.swift */ = {isa = PBXFileReference; lastKnownFileType = sourcecode.swift; path = Tests_macOSLaunchTests.swift; sourceTree = "<group>"; };
		16FA3E8B2841685D00B7A235 /* ApplicationData.swift */ = {isa = PBXFileReference; lastKnownFileType = sourcecode.swift; path = ApplicationData.swift; sourceTree = "<group>"; };
		16FA3E8E28416F2700B7A235 /* LoginView.swift */ = {isa = PBXFileReference; lastKnownFileType = sourcecode.swift; path = LoginView.swift; sourceTree = "<group>"; };
		16FA3E912841FAE500B7A235 /* CodeView.swift */ = {isa = PBXFileReference; lastKnownFileType = sourcecode.swift; path = CodeView.swift; sourceTree = "<group>"; };
		16FA3E942842AE3500B7A235 /* ServicesView.swift */ = {isa = PBXFileReference; lastKnownFileType = sourcecode.swift; path = ServicesView.swift; sourceTree = "<group>"; };
		16FA3E972842B26400B7A235 /* PlaceholderView.swift */ = {isa = PBXFileReference; lastKnownFileType = sourcecode.swift; path = PlaceholderView.swift; sourceTree = "<group>"; };
		16FA3E9A2842B30800B7A235 /* DetailView.swift */ = {isa = PBXFileReference; lastKnownFileType = sourcecode.swift; path = DetailView.swift; sourceTree = "<group>"; };
/* End PBXFileReference section */

/* Begin PBXFrameworksBuildPhase section */
		16646DFC2863D6AE002FFEF3 /* Frameworks */ = {
			isa = PBXFrameworksBuildPhase;
			buildActionMask = 2147483647;
			files = (
			);
			runOnlyForDeploymentPostprocessing = 0;
		};
		16FA3E4F283EC41400B7A235 /* Frameworks */ = {
			isa = PBXFrameworksBuildPhase;
			buildActionMask = 2147483647;
			files = (
				1600954F284B16B500F89338 /* AWSDataStorePlugin in Frameworks */,
				16009553284B16B500F89338 /* Amplify in Frameworks */,
				1600954B284B16B500F89338 /* AWSAPIPlugin in Frameworks */,
				1600954D284B16B500F89338 /* AWSCognitoAuthPlugin in Frameworks */,
				16009551284B16B500F89338 /* AWSS3StoragePlugin in Frameworks */,
			);
			runOnlyForDeploymentPostprocessing = 0;
		};
		16FA3E55283EC41400B7A235 /* Frameworks */ = {
			isa = PBXFrameworksBuildPhase;
			buildActionMask = 2147483647;
			files = (
			);
			runOnlyForDeploymentPostprocessing = 0;
		};
		16FA3E5C283EC41500B7A235 /* Frameworks */ = {
			isa = PBXFrameworksBuildPhase;
			buildActionMask = 2147483647;
			files = (
			);
			runOnlyForDeploymentPostprocessing = 0;
		};
		16FA3E68283EC41500B7A235 /* Frameworks */ = {
			isa = PBXFrameworksBuildPhase;
			buildActionMask = 2147483647;
			files = (
			);
			runOnlyForDeploymentPostprocessing = 0;
		};
/* End PBXFrameworksBuildPhase section */

/* Begin PBXGroup section */
		1614063228528CD6009C949B /* services */ = {
			isa = PBXGroup;
			children = (
				16FA3E4C283EC41200B7A235 /* ContentView.swift */,
				16FA3E942842AE3500B7A235 /* ServicesView.swift */,
				1614063328528D3F009C949B /* GetServicesView.swift */,
			);
			path = services;
			sourceTree = "<group>";
		};
		161406362852A94B009C949B /* logs */ = {
			isa = PBXGroup;
			children = (
				16151BA52847F8040066ECD2 /* LogContentView.swift */,
				16151BA82847F8730066ECD2 /* LogsView.swift */,
				161406372852A9AA009C949B /* GetLogsView.swift */,
			);
			path = logs;
			sourceTree = "<group>";
		};
		16151BA22847F63E0066ECD2 /* login */ = {
			isa = PBXGroup;
			children = (
				16FA3E8E28416F2700B7A235 /* LoginView.swift */,
				16FA3E912841FAE500B7A235 /* CodeView.swift */,
			);
			path = login;
			sourceTree = "<group>";
		};
		16151BA32847F64A0066ECD2 /* info */ = {
			isa = PBXGroup;
			children = (
				16FA3E8B2841685D00B7A235 /* ApplicationData.swift */,
				16151B9F2847ECC80066ECD2 /* LogData.swift */,
			);
			path = info;
			sourceTree = "<group>";
		};
		16151BA42847F6620066ECD2 /* screen */ = {
			isa = PBXGroup;
			children = (
				161406362852A94B009C949B /* logs */,
				1614063228528CD6009C949B /* services */,
				16FA3E972842B26400B7A235 /* PlaceholderView.swift */,
				16FA3E9A2842B30800B7A235 /* DetailView.swift */,
				16009546284AD25B00F89338 /* AddServiceView.swift */,
			);
			path = screen;
			sourceTree = "<group>";
		};
		16646E002863D6AE002FFEF3 /* monitoring Tests */ = {
			isa = PBXGroup;
			children = (
				16646E012863D6AE002FFEF3 /* monitoring_Tests.swift */,
			);
			path = "monitoring Tests";
			sourceTree = "<group>";
		};
		16FA3E45283EC41200B7A235 = {
			isa = PBXGroup;
			children = (
				16FA3E4A283EC41200B7A235 /* Shared */,
				16FA3E59283EC41400B7A235 /* macOS */,
				16FA3E62283EC41500B7A235 /* Tests iOS */,
				16FA3E6E283EC41500B7A235 /* Tests macOS */,
				16646E002863D6AE002FFEF3 /* monitoring Tests */,
				16FA3E53283EC41400B7A235 /* Products */,
			);
			sourceTree = "<group>";
		};
		16FA3E4A283EC41200B7A235 /* Shared */ = {
			isa = PBXGroup;
			children = (
				16009554284B1B4900F89338 /* amplifyconfiguration.json */,
				16009555284B1B4900F89338 /* awsconfiguration.json */,
				168FCA33284BF1C1000D7EFC /* schema.graphql */,
				16FA3E4B283EC41200B7A235 /* udemyApp.swift */,
				16151BA32847F64A0066ECD2 /* info */,
				16151BA22847F63E0066ECD2 /* login */,
				16151BA42847F6620066ECD2 /* screen */,
				16FA3E4D283EC41400B7A235 /* Assets.xcassets */,
				168908B12863918D00D82578 /* Localizable.strings */,
				16646DF52863D1ED002FFEF3 /* addFunction.swift */,
			);
			path = Shared;
			sourceTree = "<group>";
		};
		16FA3E53283EC41400B7A235 /* Products */ = {
			isa = PBXGroup;
			children = (
				16FA3E52283EC41400B7A235 /* monitoring.app */,
				16FA3E58283EC41400B7A235 /* monitoring.app */,
				16FA3E5F283EC41500B7A235 /* Tests iOS.xctest */,
				16FA3E6B283EC41500B7A235 /* Tests macOS.xctest */,
				16646DFF2863D6AE002FFEF3 /* monitoring Tests.xctest */,
			);
			name = Products;
			sourceTree = "<group>";
		};
		16FA3E59283EC41400B7A235 /* macOS */ = {
			isa = PBXGroup;
			children = (
				16FA3E5A283EC41400B7A235 /* macOS.entitlements */,
			);
			path = macOS;
			sourceTree = "<group>";
		};
		16FA3E62283EC41500B7A235 /* Tests iOS */ = {
			isa = PBXGroup;
			children = (
				16FA3E63283EC41500B7A235 /* Tests_iOS.swift */,
				16FA3E65283EC41500B7A235 /* Tests_iOSLaunchTests.swift */,
				16646DF82863D5C6002FFEF3 /* testTester.swift */,
			);
			path = "Tests iOS";
			sourceTree = "<group>";
		};
		16FA3E6E283EC41500B7A235 /* Tests macOS */ = {
			isa = PBXGroup;
			children = (
				16FA3E6F283EC41500B7A235 /* Tests_macOS.swift */,
				16FA3E71283EC41500B7A235 /* Tests_macOSLaunchTests.swift */,
			);
			path = "Tests macOS";
			sourceTree = "<group>";
		};
/* End PBXGroup section */

/* Begin PBXNativeTarget section */
		16646DFE2863D6AE002FFEF3 /* monitoring Tests */ = {
			isa = PBXNativeTarget;
			buildConfigurationList = 16646E052863D6AE002FFEF3 /* Build configuration list for PBXNativeTarget "monitoring Tests" */;
			buildPhases = (
				16646DFB2863D6AE002FFEF3 /* Sources */,
				16646DFC2863D6AE002FFEF3 /* Frameworks */,
				16646DFD2863D6AE002FFEF3 /* Resources */,
			);
			buildRules = (
			);
			dependencies = (
				16646E042863D6AE002FFEF3 /* PBXTargetDependency */,
			);
			name = "monitoring Tests";
			productName = "monitoring Tests";
			productReference = 16646DFF2863D6AE002FFEF3 /* monitoring Tests.xctest */;
			productType = "com.apple.product-type.bundle.unit-test";
		};
		16FA3E51283EC41400B7A235 /* monitoring (iOS) */ = {
			isa = PBXNativeTarget;
			buildConfigurationList = 16FA3E7B283EC41500B7A235 /* Build configuration list for PBXNativeTarget "monitoring (iOS)" */;
			buildPhases = (
				16FA3E4E283EC41400B7A235 /* Sources */,
				16FA3E4F283EC41400B7A235 /* Frameworks */,
				16FA3E50283EC41400B7A235 /* Resources */,
			);
			buildRules = (
			);
			dependencies = (
			);
			name = "monitoring (iOS)";
			packageProductDependencies = (
				1600954A284B16B500F89338 /* AWSAPIPlugin */,
				1600954C284B16B500F89338 /* AWSCognitoAuthPlugin */,
				1600954E284B16B500F89338 /* AWSDataStorePlugin */,
				16009550284B16B500F89338 /* AWSS3StoragePlugin */,
				16009552284B16B500F89338 /* Amplify */,
			);
			productName = "udemy (iOS)";
			productReference = 16FA3E52283EC41400B7A235 /* monitoring.app */;
			productType = "com.apple.product-type.application";
		};
		16FA3E57283EC41400B7A235 /* monitoring (macOS) */ = {
			isa = PBXNativeTarget;
			buildConfigurationList = 16FA3E7E283EC41500B7A235 /* Build configuration list for PBXNativeTarget "monitoring (macOS)" */;
			buildPhases = (
				16FA3E54283EC41400B7A235 /* Sources */,
				16FA3E55283EC41400B7A235 /* Frameworks */,
				16FA3E56283EC41400B7A235 /* Resources */,
			);
			buildRules = (
			);
			dependencies = (
			);
			name = "monitoring (macOS)";
			productName = "udemy (macOS)";
			productReference = 16FA3E58283EC41400B7A235 /* monitoring.app */;
			productType = "com.apple.product-type.application";
		};
		16FA3E5E283EC41500B7A235 /* Tests iOS */ = {
			isa = PBXNativeTarget;
			buildConfigurationList = 16FA3E81283EC41500B7A235 /* Build configuration list for PBXNativeTarget "Tests iOS" */;
			buildPhases = (
				16FA3E5B283EC41500B7A235 /* Sources */,
				16FA3E5C283EC41500B7A235 /* Frameworks */,
				16FA3E5D283EC41500B7A235 /* Resources */,
			);
			buildRules = (
			);
			dependencies = (
				16FA3E61283EC41500B7A235 /* PBXTargetDependency */,
			);
			name = "Tests iOS";
			productName = "Tests iOS";
			productReference = 16FA3E5F283EC41500B7A235 /* Tests iOS.xctest */;
			productType = "com.apple.product-type.bundle.ui-testing";
		};
		16FA3E6A283EC41500B7A235 /* Tests macOS */ = {
			isa = PBXNativeTarget;
			buildConfigurationList = 16FA3E84283EC41500B7A235 /* Build configuration list for PBXNativeTarget "Tests macOS" */;
			buildPhases = (
				16FA3E67283EC41500B7A235 /* Sources */,
				16FA3E68283EC41500B7A235 /* Frameworks */,
				16FA3E69283EC41500B7A235 /* Resources */,
			);
			buildRules = (
			);
			dependencies = (
				16FA3E6D283EC41500B7A235 /* PBXTargetDependency */,
			);
			name = "Tests macOS";
			productName = "Tests macOS";
			productReference = 16FA3E6B283EC41500B7A235 /* Tests macOS.xctest */;
			productType = "com.apple.product-type.bundle.ui-testing";
		};
/* End PBXNativeTarget section */

/* Begin PBXProject section */
		16FA3E46283EC41200B7A235 /* Project object */ = {
			isa = PBXProject;
			attributes = {
				BuildIndependentTargetsInParallel = 1;
				LastSwiftUpdateCheck = 1320;
				LastUpgradeCheck = 1320;
				TargetAttributes = {
					16646DFE2863D6AE002FFEF3 = {
						CreatedOnToolsVersion = 13.2.1;
						TestTargetID = 16FA3E51283EC41400B7A235;
					};
					16FA3E51283EC41400B7A235 = {
						CreatedOnToolsVersion = 13.2.1;
					};
					16FA3E57283EC41400B7A235 = {
						CreatedOnToolsVersion = 13.2.1;
					};
					16FA3E5E283EC41500B7A235 = {
						CreatedOnToolsVersion = 13.2.1;
						TestTargetID = 16FA3E51283EC41400B7A235;
					};
					16FA3E6A283EC41500B7A235 = {
						CreatedOnToolsVersion = 13.2.1;
						TestTargetID = 16FA3E57283EC41400B7A235;
					};
				};
			};
			buildConfigurationList = 16FA3E49283EC41200B7A235 /* Build configuration list for PBXProject "monitoring" */;
			compatibilityVersion = "Xcode 13.0";
			developmentRegion = en;
			hasScannedForEncodings = 0;
			knownRegions = (
				en,
				Base,
				es,
			);
			mainGroup = 16FA3E45283EC41200B7A235;
			packageReferences = (
				16009549284B16B500F89338 /* XCRemoteSwiftPackageReference "amplify-ios" */,
			);
			productRefGroup = 16FA3E53283EC41400B7A235 /* Products */;
			projectDirPath = "";
			projectRoot = "";
			targets = (
				16FA3E51283EC41400B7A235 /* monitoring (iOS) */,
				16FA3E57283EC41400B7A235 /* monitoring (macOS) */,
				16FA3E5E283EC41500B7A235 /* Tests iOS */,
				16FA3E6A283EC41500B7A235 /* Tests macOS */,
				16646DFE2863D6AE002FFEF3 /* monitoring Tests */,
			);
		};
/* End PBXProject section */

/* Begin PBXResourcesBuildPhase section */
		16646DFD2863D6AE002FFEF3 /* Resources */ = {
			isa = PBXResourcesBuildPhase;
			buildActionMask = 2147483647;
			files = (
			);
			runOnlyForDeploymentPostprocessing = 0;
		};
		16FA3E50283EC41400B7A235 /* Resources */ = {
			isa = PBXResourcesBuildPhase;
			buildActionMask = 2147483647;
			files = (
				168908AE2863918D00D82578 /* Localizable.strings in Resources */,
				168FCA34284BF1C1000D7EFC /* schema.graphql in Resources */,
				16FA3E77283EC41500B7A235 /* Assets.xcassets in Resources */,
				16009556284B1B4900F89338 /* amplifyconfiguration.json in Resources */,
				16009558284B1B4900F89338 /* awsconfiguration.json in Resources */,
			);
			runOnlyForDeploymentPostprocessing = 0;
		};
		16FA3E56283EC41400B7A235 /* Resources */ = {
			isa = PBXResourcesBuildPhase;
			buildActionMask = 2147483647;
			files = (
				168908AF2863918D00D82578 /* Localizable.strings in Resources */,
				168FCA35284BF1C1000D7EFC /* schema.graphql in Resources */,
				16FA3E78283EC41500B7A235 /* Assets.xcassets in Resources */,
				16009557284B1B4900F89338 /* amplifyconfiguration.json in Resources */,
				16009559284B1B4900F89338 /* awsconfiguration.json in Resources */,
			);
			runOnlyForDeploymentPostprocessing = 0;
		};
		16FA3E5D283EC41500B7A235 /* Resources */ = {
			isa = PBXResourcesBuildPhase;
			buildActionMask = 2147483647;
			files = (
			);
			runOnlyForDeploymentPostprocessing = 0;
		};
		16FA3E69283EC41500B7A235 /* Resources */ = {
			isa = PBXResourcesBuildPhase;
			buildActionMask = 2147483647;
			files = (
			);
			runOnlyForDeploymentPostprocessing = 0;
		};
/* End PBXResourcesBuildPhase section */

/* Begin PBXSourcesBuildPhase section */
		16646DFB2863D6AE002FFEF3 /* Sources */ = {
			isa = PBXSourcesBuildPhase;
			buildActionMask = 2147483647;
			files = (
				16646E022863D6AE002FFEF3 /* monitoring_Tests.swift in Sources */,
			);
			runOnlyForDeploymentPostprocessing = 0;
		};
		16FA3E4E283EC41400B7A235 /* Sources */ = {
			isa = PBXSourcesBuildPhase;
			buildActionMask = 2147483647;
			files = (
				161406382852A9AA009C949B /* GetLogsView.swift in Sources */,
				16009547284AD25B00F89338 /* AddServiceView.swift in Sources */,
				16646DF92863D5C6002FFEF3 /* testTester.swift in Sources */,
				16FA3E8C2841685D00B7A235 /* ApplicationData.swift in Sources */,
				16FA3E9B2842B30800B7A235 /* DetailView.swift in Sources */,
				1614063428528D3F009C949B /* GetServicesView.swift in Sources */,
				16646DF62863D1ED002FFEF3 /* addFunction.swift in Sources */,
				16FA3E952842AE3500B7A235 /* ServicesView.swift in Sources */,
				16151BA62847F8040066ECD2 /* LogContentView.swift in Sources */,
				16FA3E75283EC41500B7A235 /* ContentView.swift in Sources */,
				16FA3E8F28416F2700B7A235 /* LoginView.swift in Sources */,
				16FA3E922841FAE500B7A235 /* CodeView.swift in Sources */,
				16151BA02847ECC80066ECD2 /* LogData.swift in Sources */,
				16151BA92847F8730066ECD2 /* LogsView.swift in Sources */,
				16FA3E982842B26400B7A235 /* PlaceholderView.swift in Sources */,
				16FA3E73283EC41500B7A235 /* udemyApp.swift in Sources */,
			);
			runOnlyForDeploymentPostprocessing = 0;
		};
		16FA3E54283EC41400B7A235 /* Sources */ = {
			isa = PBXSourcesBuildPhase;
			buildActionMask = 2147483647;
			files = (
				161406392852A9AA009C949B /* GetLogsView.swift in Sources */,
				16009548284AD25B00F89338 /* AddServiceView.swift in Sources */,
				16FA3E8D2841685D00B7A235 /* ApplicationData.swift in Sources */,
				16FA3E9C2842B30800B7A235 /* DetailView.swift in Sources */,
				1614063528528D3F009C949B /* GetServicesView.swift in Sources */,
				16646DF72863D1ED002FFEF3 /* addFunction.swift in Sources */,
				16FA3E962842AE3500B7A235 /* ServicesView.swift in Sources */,
				16151BA72847F8040066ECD2 /* LogContentView.swift in Sources */,
				16FA3E76283EC41500B7A235 /* ContentView.swift in Sources */,
				16FA3E9028416F2700B7A235 /* LoginView.swift in Sources */,
				16FA3E932841FAE500B7A235 /* CodeView.swift in Sources */,
				16151BA12847ECC80066ECD2 /* LogData.swift in Sources */,
				16151BAA2847F8730066ECD2 /* LogsView.swift in Sources */,
				16FA3E992842B26400B7A235 /* PlaceholderView.swift in Sources */,
				16FA3E74283EC41500B7A235 /* udemyApp.swift in Sources */,
			);
			runOnlyForDeploymentPostprocessing = 0;
		};
		16FA3E5B283EC41500B7A235 /* Sources */ = {
			isa = PBXSourcesBuildPhase;
			buildActionMask = 2147483647;
			files = (
				16FA3E66283EC41500B7A235 /* Tests_iOSLaunchTests.swift in Sources */,
				16FA3E64283EC41500B7A235 /* Tests_iOS.swift in Sources */,
				16646DFA2863D5C6002FFEF3 /* testTester.swift in Sources */,
			);
			runOnlyForDeploymentPostprocessing = 0;
		};
		16FA3E67283EC41500B7A235 /* Sources */ = {
			isa = PBXSourcesBuildPhase;
			buildActionMask = 2147483647;
			files = (
				16FA3E72283EC41500B7A235 /* Tests_macOSLaunchTests.swift in Sources */,
				16FA3E70283EC41500B7A235 /* Tests_macOS.swift in Sources */,
			);
			runOnlyForDeploymentPostprocessing = 0;
		};
/* End PBXSourcesBuildPhase section */

/* Begin PBXTargetDependency section */
		16646E042863D6AE002FFEF3 /* PBXTargetDependency */ = {
			isa = PBXTargetDependency;
			target = 16FA3E51283EC41400B7A235 /* monitoring (iOS) */;
			targetProxy = 16646E032863D6AE002FFEF3 /* PBXContainerItemProxy */;
		};
		16FA3E61283EC41500B7A235 /* PBXTargetDependency */ = {
			isa = PBXTargetDependency;
			target = 16FA3E51283EC41400B7A235 /* monitoring (iOS) */;
			targetProxy = 16FA3E60283EC41500B7A235 /* PBXContainerItemProxy */;
		};
		16FA3E6D283EC41500B7A235 /* PBXTargetDependency */ = {
			isa = PBXTargetDependency;
			target = 16FA3E57283EC41400B7A235 /* monitoring (macOS) */;
			targetProxy = 16FA3E6C283EC41500B7A235 /* PBXContainerItemProxy */;
		};
/* End PBXTargetDependency section */

/* Begin PBXVariantGroup section */
		168908B12863918D00D82578 /* Localizable.strings */ = {
			isa = PBXVariantGroup;
			children = (
				168908B02863918D00D82578 /* en */,
				168908B22863919000D82578 /* es */,
			);
			name = Localizable.strings;
			sourceTree = "<group>";
		};
/* End PBXVariantGroup section */

/* Begin XCBuildConfiguration section */
		16646E062863D6AE002FFEF3 /* Debug */ = {
			isa = XCBuildConfiguration;
			buildSettings = {
				BUNDLE_LOADER = "$(TEST_HOST)";
				CODE_SIGN_STYLE = Automatic;
				CURRENT_PROJECT_VERSION = 1;
				DEVELOPMENT_TEAM = 49DJVAA2AH;
				GENERATE_INFOPLIST_FILE = YES;
				IPHONEOS_DEPLOYMENT_TARGET = 15.2;
				MARKETING_VERSION = 1.0;
				PRODUCT_BUNDLE_IDENTIFIER = "s.monitoring-Tests";
				PRODUCT_NAME = "$(TARGET_NAME)";
				SDKROOT = iphoneos;
				SWIFT_EMIT_LOC_STRINGS = NO;
				SWIFT_VERSION = 5.0;
				TARGETED_DEVICE_FAMILY = "1,2";
				TEST_HOST = "$(BUILT_PRODUCTS_DIR)/monitoring.app/monitoring";
			};
			name = Debug;
		};
		16646E072863D6AE002FFEF3 /* Release */ = {
			isa = XCBuildConfiguration;
			buildSettings = {
				BUNDLE_LOADER = "$(TEST_HOST)";
				CODE_SIGN_STYLE = Automatic;
				CURRENT_PROJECT_VERSION = 1;
				DEVELOPMENT_TEAM = 49DJVAA2AH;
				GENERATE_INFOPLIST_FILE = YES;
				IPHONEOS_DEPLOYMENT_TARGET = 15.2;
				MARKETING_VERSION = 1.0;
				PRODUCT_BUNDLE_IDENTIFIER = "s.monitoring-Tests";
				PRODUCT_NAME = "$(TARGET_NAME)";
				SDKROOT = iphoneos;
				SWIFT_EMIT_LOC_STRINGS = NO;
				SWIFT_VERSION = 5.0;
				TARGETED_DEVICE_FAMILY = "1,2";
				TEST_HOST = "$(BUILT_PRODUCTS_DIR)/monitoring.app/monitoring";
				VALIDATE_PRODUCT = YES;
			};
			name = Release;
		};
		16FA3E79283EC41500B7A235 /* Debug */ = {
			isa = XCBuildConfiguration;
			buildSettings = {
				ALWAYS_SEARCH_USER_PATHS = NO;
				CLANG_ANALYZER_NONNULL = YES;
				CLANG_ANALYZER_NUMBER_OBJECT_CONVERSION = YES_AGGRESSIVE;
				CLANG_CXX_LANGUAGE_STANDARD = "gnu++17";
				CLANG_CXX_LIBRARY = "libc++";
				CLANG_ENABLE_MODULES = YES;
				CLANG_ENABLE_OBJC_ARC = YES;
				CLANG_ENABLE_OBJC_WEAK = YES;
				CLANG_WARN_BLOCK_CAPTURE_AUTORELEASING = YES;
				CLANG_WARN_BOOL_CONVERSION = YES;
				CLANG_WARN_COMMA = YES;
				CLANG_WARN_CONSTANT_CONVERSION = YES;
				CLANG_WARN_DEPRECATED_OBJC_IMPLEMENTATIONS = YES;
				CLANG_WARN_DIRECT_OBJC_ISA_USAGE = YES_ERROR;
				CLANG_WARN_DOCUMENTATION_COMMENTS = YES;
				CLANG_WARN_EMPTY_BODY = YES;
				CLANG_WARN_ENUM_CONVERSION = YES;
				CLANG_WARN_INFINITE_RECURSION = YES;
				CLANG_WARN_INT_CONVERSION = YES;
				CLANG_WARN_NON_LITERAL_NULL_CONVERSION = YES;
				CLANG_WARN_OBJC_IMPLICIT_RETAIN_SELF = YES;
				CLANG_WARN_OBJC_LITERAL_CONVERSION = YES;
				CLANG_WARN_OBJC_ROOT_CLASS = YES_ERROR;
				CLANG_WARN_QUOTED_INCLUDE_IN_FRAMEWORK_HEADER = YES;
				CLANG_WARN_RANGE_LOOP_ANALYSIS = YES;
				CLANG_WARN_STRICT_PROTOTYPES = YES;
				CLANG_WARN_SUSPICIOUS_MOVE = YES;
				CLANG_WARN_UNGUARDED_AVAILABILITY = YES_AGGRESSIVE;
				CLANG_WARN_UNREACHABLE_CODE = YES;
				CLANG_WARN__DUPLICATE_METHOD_MATCH = YES;
				COPY_PHASE_STRIP = NO;
				DEBUG_INFORMATION_FORMAT = dwarf;
				ENABLE_STRICT_OBJC_MSGSEND = YES;
				ENABLE_TESTABILITY = YES;
				GCC_C_LANGUAGE_STANDARD = gnu11;
				GCC_DYNAMIC_NO_PIC = NO;
				GCC_NO_COMMON_BLOCKS = YES;
				GCC_OPTIMIZATION_LEVEL = 0;
				GCC_PREPROCESSOR_DEFINITIONS = (
					"DEBUG=1",
					"$(inherited)",
				);
				GCC_WARN_64_TO_32_BIT_CONVERSION = YES;
				GCC_WARN_ABOUT_RETURN_TYPE = YES_ERROR;
				GCC_WARN_UNDECLARED_SELECTOR = YES;
				GCC_WARN_UNINITIALIZED_AUTOS = YES_AGGRESSIVE;
				GCC_WARN_UNUSED_FUNCTION = YES;
				GCC_WARN_UNUSED_VARIABLE = YES;
				MTL_ENABLE_DEBUG_INFO = INCLUDE_SOURCE;
				MTL_FAST_MATH = YES;
				ONLY_ACTIVE_ARCH = YES;
				SWIFT_ACTIVE_COMPILATION_CONDITIONS = DEBUG;
				SWIFT_OPTIMIZATION_LEVEL = "-Onone";
			};
			name = Debug;
		};
		16FA3E7A283EC41500B7A235 /* Release */ = {
			isa = XCBuildConfiguration;
			buildSettings = {
				ALWAYS_SEARCH_USER_PATHS = NO;
				CLANG_ANALYZER_NONNULL = YES;
				CLANG_ANALYZER_NUMBER_OBJECT_CONVERSION = YES_AGGRESSIVE;
				CLANG_CXX_LANGUAGE_STANDARD = "gnu++17";
				CLANG_CXX_LIBRARY = "libc++";
				CLANG_ENABLE_MODULES = YES;
				CLANG_ENABLE_OBJC_ARC = YES;
				CLANG_ENABLE_OBJC_WEAK = YES;
				CLANG_WARN_BLOCK_CAPTURE_AUTORELEASING = YES;
				CLANG_WARN_BOOL_CONVERSION = YES;
				CLANG_WARN_COMMA = YES;
				CLANG_WARN_CONSTANT_CONVERSION = YES;
				CLANG_WARN_DEPRECATED_OBJC_IMPLEMENTATIONS = YES;
				CLANG_WARN_DIRECT_OBJC_ISA_USAGE = YES_ERROR;
				CLANG_WARN_DOCUMENTATION_COMMENTS = YES;
				CLANG_WARN_EMPTY_BODY = YES;
				CLANG_WARN_ENUM_CONVERSION = YES;
				CLANG_WARN_INFINITE_RECURSION = YES;
				CLANG_WARN_INT_CONVERSION = YES;
				CLANG_WARN_NON_LITERAL_NULL_CONVERSION = YES;
				CLANG_WARN_OBJC_IMPLICIT_RETAIN_SELF = YES;
				CLANG_WARN_OBJC_LITERAL_CONVERSION = YES;
				CLANG_WARN_OBJC_ROOT_CLASS = YES_ERROR;
				CLANG_WARN_QUOTED_INCLUDE_IN_FRAMEWORK_HEADER = YES;
				CLANG_WARN_RANGE_LOOP_ANALYSIS = YES;
				CLANG_WARN_STRICT_PROTOTYPES = YES;
				CLANG_WARN_SUSPICIOUS_MOVE = YES;
				CLANG_WARN_UNGUARDED_AVAILABILITY = YES_AGGRESSIVE;
				CLANG_WARN_UNREACHABLE_CODE = YES;
				CLANG_WARN__DUPLICATE_METHOD_MATCH = YES;
				COPY_PHASE_STRIP = NO;
				DEBUG_INFORMATION_FORMAT = "dwarf-with-dsym";
				ENABLE_NS_ASSERTIONS = NO;
				ENABLE_STRICT_OBJC_MSGSEND = YES;
				GCC_C_LANGUAGE_STANDARD = gnu11;
				GCC_NO_COMMON_BLOCKS = YES;
				GCC_WARN_64_TO_32_BIT_CONVERSION = YES;
				GCC_WARN_ABOUT_RETURN_TYPE = YES_ERROR;
				GCC_WARN_UNDECLARED_SELECTOR = YES;
				GCC_WARN_UNINITIALIZED_AUTOS = YES_AGGRESSIVE;
				GCC_WARN_UNUSED_FUNCTION = YES;
				GCC_WARN_UNUSED_VARIABLE = YES;
				MTL_ENABLE_DEBUG_INFO = NO;
				MTL_FAST_MATH = YES;
				SWIFT_COMPILATION_MODE = wholemodule;
				SWIFT_OPTIMIZATION_LEVEL = "-O";
			};
			name = Release;
		};
		16FA3E7C283EC41500B7A235 /* Debug */ = {
			isa = XCBuildConfiguration;
			buildSettings = {
				ASSETCATALOG_COMPILER_APPICON_NAME = AppIcon;
				ASSETCATALOG_COMPILER_GLOBAL_ACCENT_COLOR_NAME = AccentColor;
				CODE_SIGN_STYLE = Automatic;
				CURRENT_PROJECT_VERSION = 1;
				DEVELOPMENT_TEAM = 49DJVAA2AH;
				ENABLE_PREVIEWS = YES;
				GENERATE_INFOPLIST_FILE = YES;
				INFOPLIST_KEY_UIApplicationSceneManifest_Generation = YES;
				INFOPLIST_KEY_UIApplicationSupportsIndirectInputEvents = YES;
				INFOPLIST_KEY_UILaunchScreen_Generation = YES;
				INFOPLIST_KEY_UISupportedInterfaceOrientations_iPad = "UIInterfaceOrientationPortrait UIInterfaceOrientationPortraitUpsideDown UIInterfaceOrientationLandscapeLeft UIInterfaceOrientationLandscapeRight";
				INFOPLIST_KEY_UISupportedInterfaceOrientations_iPhone = "UIInterfaceOrientationPortrait UIInterfaceOrientationLandscapeLeft UIInterfaceOrientationLandscapeRight";
				IPHONEOS_DEPLOYMENT_TARGET = 15.2;
				LD_RUNPATH_SEARCH_PATHS = (
					"$(inherited)",
					"@executable_path/Frameworks",
				);
				MARKETING_VERSION = 1.0;
				PRODUCT_BUNDLE_IDENTIFIER = s.udemy;
				PRODUCT_NAME = monitoring;
				SDKROOT = iphoneos;
				SWIFT_EMIT_LOC_STRINGS = YES;
				SWIFT_VERSION = 5.0;
				TARGETED_DEVICE_FAMILY = "1,2";
			};
			name = Debug;
		};
		16FA3E7D283EC41500B7A235 /* Release */ = {
			isa = XCBuildConfiguration;
			buildSettings = {
				ASSETCATALOG_COMPILER_APPICON_NAME = AppIcon;
				ASSETCATALOG_COMPILER_GLOBAL_ACCENT_COLOR_NAME = AccentColor;
				CODE_SIGN_STYLE = Automatic;
				CURRENT_PROJECT_VERSION = 1;
				DEVELOPMENT_TEAM = 49DJVAA2AH;
				ENABLE_PREVIEWS = YES;
				GENERATE_INFOPLIST_FILE = YES;
				INFOPLIST_KEY_UIApplicationSceneManifest_Generation = YES;
				INFOPLIST_KEY_UIApplicationSupportsIndirectInputEvents = YES;
				INFOPLIST_KEY_UILaunchScreen_Generation = YES;
				INFOPLIST_KEY_UISupportedInterfaceOrientations_iPad = "UIInterfaceOrientationPortrait UIInterfaceOrientationPortraitUpsideDown UIInterfaceOrientationLandscapeLeft UIInterfaceOrientationLandscapeRight";
				INFOPLIST_KEY_UISupportedInterfaceOrientations_iPhone = "UIInterfaceOrientationPortrait UIInterfaceOrientationLandscapeLeft UIInterfaceOrientationLandscapeRight";
				IPHONEOS_DEPLOYMENT_TARGET = 15.2;
				LD_RUNPATH_SEARCH_PATHS = (
					"$(inherited)",
					"@executable_path/Frameworks",
				);
				MARKETING_VERSION = 1.0;
				PRODUCT_BUNDLE_IDENTIFIER = s.udemy;
				PRODUCT_NAME = monitoring;
				SDKROOT = iphoneos;
				SWIFT_EMIT_LOC_STRINGS = YES;
				SWIFT_VERSION = 5.0;
				TARGETED_DEVICE_FAMILY = "1,2";
				VALIDATE_PRODUCT = YES;
			};
			name = Release;
		};
		16FA3E7F283EC41500B7A235 /* Debug */ = {
			isa = XCBuildConfiguration;
			buildSettings = {
				ASSETCATALOG_COMPILER_APPICON_NAME = AppIcon;
				ASSETCATALOG_COMPILER_GLOBAL_ACCENT_COLOR_NAME = AccentColor;
				CODE_SIGN_ENTITLEMENTS = macOS/macOS.entitlements;
				CODE_SIGN_STYLE = Automatic;
				COMBINE_HIDPI_IMAGES = YES;
				CURRENT_PROJECT_VERSION = 1;
				ENABLE_PREVIEWS = YES;
				GENERATE_INFOPLIST_FILE = YES;
				INFOPLIST_KEY_NSHumanReadableCopyright = "";
				LD_RUNPATH_SEARCH_PATHS = (
					"$(inherited)",
					"@executable_path/../Frameworks",
				);
				MACOSX_DEPLOYMENT_TARGET = 11.6;
				MARKETING_VERSION = 1.0;
				PRODUCT_BUNDLE_IDENTIFIER = s.udemy;
				PRODUCT_NAME = monitoring;
				SDKROOT = macosx;
				SWIFT_EMIT_LOC_STRINGS = YES;
				SWIFT_VERSION = 5.0;
			};
			name = Debug;
		};
		16FA3E80283EC41500B7A235 /* Release */ = {
			isa = XCBuildConfiguration;
			buildSettings = {
				ASSETCATALOG_COMPILER_APPICON_NAME = AppIcon;
				ASSETCATALOG_COMPILER_GLOBAL_ACCENT_COLOR_NAME = AccentColor;
				CODE_SIGN_ENTITLEMENTS = macOS/macOS.entitlements;
				CODE_SIGN_STYLE = Automatic;
				COMBINE_HIDPI_IMAGES = YES;
				CURRENT_PROJECT_VERSION = 1;
				ENABLE_PREVIEWS = YES;
				GENERATE_INFOPLIST_FILE = YES;
				INFOPLIST_KEY_NSHumanReadableCopyright = "";
				LD_RUNPATH_SEARCH_PATHS = (
					"$(inherited)",
					"@executable_path/../Frameworks",
				);
				MACOSX_DEPLOYMENT_TARGET = 11.6;
				MARKETING_VERSION = 1.0;
				PRODUCT_BUNDLE_IDENTIFIER = s.udemy;
				PRODUCT_NAME = monitoring;
				SDKROOT = macosx;
				SWIFT_EMIT_LOC_STRINGS = YES;
				SWIFT_VERSION = 5.0;
			};
			name = Release;
		};
		16FA3E82283EC41500B7A235 /* Debug */ = {
			isa = XCBuildConfiguration;
			buildSettings = {
				ALWAYS_EMBED_SWIFT_STANDARD_LIBRARIES = YES;
				CODE_SIGN_STYLE = Automatic;
				CURRENT_PROJECT_VERSION = 1;
				GENERATE_INFOPLIST_FILE = YES;
				IPHONEOS_DEPLOYMENT_TARGET = 15.2;
				MARKETING_VERSION = 1.0;
				PRODUCT_BUNDLE_IDENTIFIER = "s.Tests-iOS";
				PRODUCT_NAME = "$(TARGET_NAME)";
				SDKROOT = iphoneos;
				SWIFT_EMIT_LOC_STRINGS = NO;
				SWIFT_VERSION = 5.0;
				TARGETED_DEVICE_FAMILY = "1,2";
				TEST_TARGET_NAME = "udemy (iOS)";
			};
			name = Debug;
		};
		16FA3E83283EC41500B7A235 /* Release */ = {
			isa = XCBuildConfiguration;
			buildSettings = {
				ALWAYS_EMBED_SWIFT_STANDARD_LIBRARIES = YES;
				CODE_SIGN_STYLE = Automatic;
				CURRENT_PROJECT_VERSION = 1;
				GENERATE_INFOPLIST_FILE = YES;
				IPHONEOS_DEPLOYMENT_TARGET = 15.2;
				MARKETING_VERSION = 1.0;
				PRODUCT_BUNDLE_IDENTIFIER = "s.Tests-iOS";
				PRODUCT_NAME = "$(TARGET_NAME)";
				SDKROOT = iphoneos;
				SWIFT_EMIT_LOC_STRINGS = NO;
				SWIFT_VERSION = 5.0;
				TARGETED_DEVICE_FAMILY = "1,2";
				TEST_TARGET_NAME = "udemy (iOS)";
				VALIDATE_PRODUCT = YES;
			};
			name = Release;
		};
		16FA3E85283EC41500B7A235 /* Debug */ = {
			isa = XCBuildConfiguration;
			buildSettings = {
				ALWAYS_EMBED_SWIFT_STANDARD_LIBRARIES = YES;
				CODE_SIGN_STYLE = Automatic;
				CURRENT_PROJECT_VERSION = 1;
				GENERATE_INFOPLIST_FILE = YES;
				MACOSX_DEPLOYMENT_TARGET = 11.6;
				MARKETING_VERSION = 1.0;
				PRODUCT_BUNDLE_IDENTIFIER = "s.Tests-macOS";
				PRODUCT_NAME = "$(TARGET_NAME)";
				SDKROOT = macosx;
				SWIFT_EMIT_LOC_STRINGS = NO;
				SWIFT_VERSION = 5.0;
				TEST_TARGET_NAME = "udemy (macOS)";
			};
			name = Debug;
		};
		16FA3E86283EC41500B7A235 /* Release */ = {
			isa = XCBuildConfiguration;
			buildSettings = {
				ALWAYS_EMBED_SWIFT_STANDARD_LIBRARIES = YES;
				CODE_SIGN_STYLE = Automatic;
				CURRENT_PROJECT_VERSION = 1;
				GENERATE_INFOPLIST_FILE = YES;
				MACOSX_DEPLOYMENT_TARGET = 11.6;
				MARKETING_VERSION = 1.0;
				PRODUCT_BUNDLE_IDENTIFIER = "s.Tests-macOS";
				PRODUCT_NAME = "$(TARGET_NAME)";
				SDKROOT = macosx;
				SWIFT_EMIT_LOC_STRINGS = NO;
				SWIFT_VERSION = 5.0;
				TEST_TARGET_NAME = "udemy (macOS)";
			};
			name = Release;
		};
/* End XCBuildConfiguration section */

/* Begin XCConfigurationList section */
		16646E052863D6AE002FFEF3 /* Build configuration list for PBXNativeTarget "monitoring Tests" */ = {
			isa = XCConfigurationList;
			buildConfigurations = (
				16646E062863D6AE002FFEF3 /* Debug */,
				16646E072863D6AE002FFEF3 /* Release */,
			);
			defaultConfigurationIsVisible = 0;
			defaultConfigurationName = Release;
		};
		16FA3E49283EC41200B7A235 /* Build configuration list for PBXProject "monitoring" */ = {
			isa = XCConfigurationList;
			buildConfigurations = (
				16FA3E79283EC41500B7A235 /* Debug */,
				16FA3E7A283EC41500B7A235 /* Release */,
			);
			defaultConfigurationIsVisible = 0;
			defaultConfigurationName = Release;
		};
		16FA3E7B283EC41500B7A235 /* Build configuration list for PBXNativeTarget "monitoring (iOS)" */ = {
			isa = XCConfigurationList;
			buildConfigurations = (
				16FA3E7C283EC41500B7A235 /* Debug */,
				16FA3E7D283EC41500B7A235 /* Release */,
			);
			defaultConfigurationIsVisible = 0;
			defaultConfigurationName = Release;
		};
		16FA3E7E283EC41500B7A235 /* Build configuration list for PBXNativeTarget "monitoring (macOS)" */ = {
			isa = XCConfigurationList;
			buildConfigurations = (
				16FA3E7F283EC41500B7A235 /* Debug */,
				16FA3E80283EC41500B7A235 /* Release */,
			);
			defaultConfigurationIsVisible = 0;
			defaultConfigurationName = Release;
		};
		16FA3E81283EC41500B7A235 /* Build configuration list for PBXNativeTarget "Tests iOS" */ = {
			isa = XCConfigurationList;
			buildConfigurations = (
				16FA3E82283EC41500B7A235 /* Debug */,
				16FA3E83283EC41500B7A235 /* Release */,
			);
			defaultConfigurationIsVisible = 0;
			defaultConfigurationName = Release;
		};
		16FA3E84283EC41500B7A235 /* Build configuration list for PBXNativeTarget "Tests macOS" */ = {
			isa = XCConfigurationList;
			buildConfigurations = (
				16FA3E85283EC41500B7A235 /* Debug */,
				16FA3E86283EC41500B7A235 /* Release */,
			);
			defaultConfigurationIsVisible = 0;
			defaultConfigurationName = Release;
		};
/* End XCConfigurationList section */

/* Begin XCRemoteSwiftPackageReference section */
		16009549284B16B500F89338 /* XCRemoteSwiftPackageReference "amplify-ios" */ = {
			isa = XCRemoteSwiftPackageReference;
			repositoryURL = "https://github.com/aws-amplify/amplify-ios";
			requirement = {
				branch = "dev-preview";
				kind = branch;
			};
		};
/* End XCRemoteSwiftPackageReference section */

/* Begin XCSwiftPackageProductDependency section */
		1600954A284B16B500F89338 /* AWSAPIPlugin */ = {
			isa = XCSwiftPackageProductDependency;
			package = 16009549284B16B500F89338 /* XCRemoteSwiftPackageReference "amplify-ios" */;
			productName = AWSAPIPlugin;
		};
		1600954C284B16B500F89338 /* AWSCognitoAuthPlugin */ = {
			isa = XCSwiftPackageProductDependency;
			package = 16009549284B16B500F89338 /* XCRemoteSwiftPackageReference "amplify-ios" */;
			productName = AWSCognitoAuthPlugin;
		};
		1600954E284B16B500F89338 /* AWSDataStorePlugin */ = {
			isa = XCSwiftPackageProductDependency;
			package = 16009549284B16B500F89338 /* XCRemoteSwiftPackageReference "amplify-ios" */;
			productName = AWSDataStorePlugin;
		};
		16009550284B16B500F89338 /* AWSS3StoragePlugin */ = {
			isa = XCSwiftPackageProductDependency;
			package = 16009549284B16B500F89338 /* XCRemoteSwiftPackageReference "amplify-ios" */;
			productName = AWSS3StoragePlugin;
		};
		16009552284B16B500F89338 /* Amplify */ = {
			isa = XCSwiftPackageProductDependency;
			package = 16009549284B16B500F89338 /* XCRemoteSwiftPackageReference "amplify-ios" */;
			productName = Amplify;
		};
/* End XCSwiftPackageProductDependency section */
	};
	rootObject = 16FA3E46283EC41200B7A235 /* Project object */;
}
